
Microsoft Visual Studio Solution File, Format Version 12.00
# Visual Studio Version 17
VisualStudioVersion = 17.10.35122.118
MinimumVisualStudioVersion = 10.0.40219.1
Project("{9A19103F-16F7-4668-BE54-9A1E7A4F7556}") = "AiurysWeatherSuggestions", "src\AiurysWeatherSuggestions\AiurysWeatherSuggestions.csproj", "{C8C7EE01-78FE-4D3E-B90F-9FD62C6CA885}"
EndProject
Project("{9A19103F-16F7-4668-BE54-9A1E7A4F7556}") = "AiurysWeatherSuggestions.IntegrationTests", "tests\AiurysWeatherSuggestions.IntegrationTests\AiurysWeatherSuggestions.IntegrationTests.csproj", "{74C9CA21-F2B3-4692-819D-8AF49ABE513A}"
EndProject
Global
	GlobalSection(SolutionConfigurationPlatforms) = preSolution
		Debug|Any CPU = Debug|Any CPU
		Release|Any CPU = Release|Any CPU
	EndGlobalSection
	GlobalSection(ProjectConfigurationPlatforms) = postSolution
		{C8C7EE01-78FE-4D3E-B90F-9FD62C6CA885}.Debug|Any CPU.ActiveCfg = Debug|Any CPU
		{C8C7EE01-78FE-4D3E-B90F-9FD62C6CA885}.Debug|Any CPU.Build.0 = Debug|Any CPU
		{C8C7EE01-78FE-4D3E-B90F-9FD62C6CA885}.Release|Any CPU.ActiveCfg = Release|Any CPU
		{C8C7EE01-78FE-4D3E-B90F-9FD62C6CA885}.Release|Any CPU.Build.0 = Release|Any CPU
		{74C9CA21-F2B3-4692-819D-8AF49ABE513A}.Debug|Any CPU.ActiveCfg = Debug|Any CPU
		{74C9CA21-F2B3-4692-819D-8AF49ABE513A}.Debug|Any CPU.Build.0 = Debug|Any CPU
		{74C9CA21-F2B3-4692-819D-8AF49ABE513A}.Release|Any CPU.ActiveCfg = Release|Any CPU
		{74C9CA21-F2B3-4692-819D-8AF49ABE513A}.Release|Any CPU.Build.0 = Release|Any CPU
	EndGlobalSection
	GlobalSection(SolutionProperties) = preSolution
		HideSolutionNode = FALSE
	EndGlobalSection
	GlobalSection(ExtensibilityGlobals) = postSolution
		SolutionGuid = {C28445CA-47DC-408E-8908-F11E13116F3A}
	EndGlobalSection
EndGlobal
